
Microsoft Visual Studio Solution File, Format Version 12.00
# Visual Studio Version 17
VisualStudioVersion = 17.13.35931.197
MinimumVisualStudioVersion = 10.0.40219.1
Project("{FAE04EC0-301F-11D3-BF4B-00C04F79EFBC}") = "HotelsBookingSystem", "HotelsBookingSystem\HotelsBookingSystem.csproj", "{79F865A5-9A7D-9A37-56FC-2A50E2D8568A}"
EndProject
Project("{FAE04EC0-301F-11D3-BF4B-00C04F79EFBC}") = "HotelsBookingSystemTests", "HotelsBookingSystemTests\HotelsBookingSystemTests.csproj", "{42EC0AA2-E2BD-B29D-5B03-C855932CCFE7}"
EndProject
Global
	GlobalSection(SolutionConfigurationPlatforms) = preSolution
		Debug|Any CPU = Debug|Any CPU
		Release|Any CPU = Release|Any CPU
	EndGlobalSection
	GlobalSection(ProjectConfigurationPlatforms) = postSolution
		{79F865A5-9A7D-9A37-56FC-2A50E2D8568A}.Debug|Any CPU.ActiveCfg = Debug|Any CPU
		{79F865A5-9A7D-9A37-56FC-2A50E2D8568A}.Debug|Any CPU.Build.0 = Debug|Any CPU
		{79F865A5-9A7D-9A37-56FC-2A50E2D8568A}.Release|Any CPU.ActiveCfg = Release|Any CPU
		{79F865A5-9A7D-9A37-56FC-2A50E2D8568A}.Release|Any CPU.Build.0 = Release|Any CPU
		{42EC0AA2-E2BD-B29D-5B03-C855932CCFE7}.Debug|Any CPU.ActiveCfg = Debug|Any CPU
		{42EC0AA2-E2BD-B29D-5B03-C855932CCFE7}.Debug|Any CPU.Build.0 = Debug|Any CPU
		{42EC0AA2-E2BD-B29D-5B03-C855932CCFE7}.Release|Any CPU.ActiveCfg = Release|Any CPU
		{42EC0AA2-E2BD-B29D-5B03-C855932CCFE7}.Release|Any CPU.Build.0 = Release|Any CPU
	EndGlobalSection
	GlobalSection(SolutionProperties) = preSolution
		HideSolutionNode = FALSE
	EndGlobalSection
	GlobalSection(ExtensibilityGlobals) = postSolution
		SolutionGuid = {EAAFC03F-5592-4FB5-86B5-AAF5623FE5A1}
	EndGlobalSection
EndGlobal
